
Microsoft Visual Studio Solution File, Format Version 12.00
# Visual Studio Version 16
VisualStudioVersion = 16.0.29806.167
MinimumVisualStudioVersion = 10.0.40219.1
Project("{FAE04EC0-301F-11D3-BF4B-00C04F79EFBC}") = "WebAPI", "WebAPI\WebAPI.csproj", "{87DEE9AB-C4A2-4C84-8F54-BBDD24038330}"
EndProject
Global
	GlobalSection(SolutionConfigurationPlatforms) = preSolution
		Debug|Any CPU = Debug|Any CPU
		Release|Any CPU = Release|Any CPU
	EndGlobalSection
	GlobalSection(ProjectConfigurationPlatforms) = postSolution
		{87DEE9AB-C4A2-4C84-8F54-BBDD24038330}.Debug|Any CPU.ActiveCfg = Debug|Any CPU
		{87DEE9AB-C4A2-4C84-8F54-BBDD24038330}.Debug|Any CPU.Build.0 = Debug|Any CPU
		{87DEE9AB-C4A2-4C84-8F54-BBDD24038330}.Release|Any CPU.ActiveCfg = Release|Any CPU
		{87DEE9AB-C4A2-4C84-8F54-BBDD24038330}.Release|Any CPU.Build.0 = Release|Any CPU
	EndGlobalSection
	GlobalSection(SolutionProperties) = preSolution
		HideSolutionNode = FALSE
	EndGlobalSection
	GlobalSection(ExtensibilityGlobals) = postSolution
		SolutionGuid = {B979905D-F645-45E8-BB14-64FC7E3CDE7B}
	EndGlobalSection
EndGlobal
